
Microsoft Visual Studio Solution File, Format Version 12.00
# Visual Studio Version 16
VisualStudioVersion = 25.0.1704.0
MinimumVisualStudioVersion = 10.0.40219.1
Project("{FAE04EC0-301F-11D3-BF4B-00C04F79EFBC}") = "FunTranslate", "FunTranslate\FunTranslate.csproj", "{C4BD84E1-4A2F-4276-9FA9-CF1655D8D8E2}"
EndProject
Global
	GlobalSection(SolutionConfigurationPlatforms) = preSolution
		Debug|Any CPU = Debug|Any CPU
		Release|Any CPU = Release|Any CPU
	EndGlobalSection
	GlobalSection(ProjectConfigurationPlatforms) = postSolution
		{C4BD84E1-4A2F-4276-9FA9-CF1655D8D8E2}.Debug|Any CPU.ActiveCfg = Debug|Any CPU
		{C4BD84E1-4A2F-4276-9FA9-CF1655D8D8E2}.Debug|Any CPU.Build.0 = Debug|Any CPU
		{C4BD84E1-4A2F-4276-9FA9-CF1655D8D8E2}.Release|Any CPU.ActiveCfg = Release|Any CPU
		{C4BD84E1-4A2F-4276-9FA9-CF1655D8D8E2}.Release|Any CPU.Build.0 = Release|Any CPU
	EndGlobalSection
	GlobalSection(SolutionProperties) = preSolution
		HideSolutionNode = FALSE
	EndGlobalSection
	GlobalSection(ExtensibilityGlobals) = postSolution
		SolutionGuid = {9037494B-62F3-4A60-8FF4-6F9572287239}
	EndGlobalSection
EndGlobal
