
Microsoft Visual Studio Solution File, Format Version 12.00
# Visual Studio Version 16
VisualStudioVersion = 25.0.1704.0
MinimumVisualStudioVersion = 10.0.40219.1
Project("{FAE04EC0-301F-11D3-BF4B-00C04F79EFBC}") = "FunTranslate", "FunTranslate\FunTranslate.csproj", "{C4BD84E1-4A2F-4276-9FA9-CF1655D8D8E2}"
EndProject
Project("{2150E333-8FDC-42A3-9474-1A3956D46DE8}") = "src", "src", "{839DC920-3942-41B2-AA73-A6F316448ADB}"
EndProject
Project("{2150E333-8FDC-42A3-9474-1A3956D46DE8}") = "Core", "Core", "{C0DD723E-F97C-40B6-A97D-2835AB1CA005}"
EndProject
Project("{2150E333-8FDC-42A3-9474-1A3956D46DE8}") = "Infrastructure", "Infrastructure", "{C29394F7-F553-4ADB-A22C-EE82C061AEA7}"
EndProject
Project("{2150E333-8FDC-42A3-9474-1A3956D46DE8}") = "WebApi", "WebApi", "{C300B120-9D15-4E49-905D-D4570F8AB5AC}"
EndProject
Project("{2150E333-8FDC-42A3-9474-1A3956D46DE8}") = "Web", "Web", "{B9589C8C-9175-4530-AA69-0C240D78BC02}"
EndProject
Project("{FAE04EC0-301F-11D3-BF4B-00C04F79EFBC}") = "Application", "src\Core\Application\Application.csproj", "{3B528A83-559F-4A6C-B019-2BD5E5000E11}"
EndProject
Project("{FAE04EC0-301F-11D3-BF4B-00C04F79EFBC}") = "Domain", "src\Core\Domain\Domain.csproj", "{6AB4F1CC-74DD-43E9-AD95-C2F682CF143C}"
EndProject
Project("{FAE04EC0-301F-11D3-BF4B-00C04F79EFBC}") = "Persistence", "src\Infrastructure\Persistence\Persistence.csproj", "{447D164E-B76B-47D7-91AF-B861057E66D5}"
EndProject
Project("{FAE04EC0-301F-11D3-BF4B-00C04F79EFBC}") = "WebApi", "src\WebApi\WebApi\WebApi.csproj", "{348975C0-85FF-46D3-86D2-D3A87F6C04C3}"
EndProject
Global
	GlobalSection(SolutionConfigurationPlatforms) = preSolution
		Debug|Any CPU = Debug|Any CPU
		Release|Any CPU = Release|Any CPU
	EndGlobalSection
	GlobalSection(ProjectConfigurationPlatforms) = postSolution
		{C4BD84E1-4A2F-4276-9FA9-CF1655D8D8E2}.Debug|Any CPU.ActiveCfg = Debug|Any CPU
		{C4BD84E1-4A2F-4276-9FA9-CF1655D8D8E2}.Debug|Any CPU.Build.0 = Debug|Any CPU
		{C4BD84E1-4A2F-4276-9FA9-CF1655D8D8E2}.Release|Any CPU.ActiveCfg = Release|Any CPU
		{C4BD84E1-4A2F-4276-9FA9-CF1655D8D8E2}.Release|Any CPU.Build.0 = Release|Any CPU
		{3B528A83-559F-4A6C-B019-2BD5E5000E11}.Debug|Any CPU.ActiveCfg = Debug|Any CPU
		{3B528A83-559F-4A6C-B019-2BD5E5000E11}.Debug|Any CPU.Build.0 = Debug|Any CPU
		{3B528A83-559F-4A6C-B019-2BD5E5000E11}.Release|Any CPU.ActiveCfg = Release|Any CPU
		{3B528A83-559F-4A6C-B019-2BD5E5000E11}.Release|Any CPU.Build.0 = Release|Any CPU
		{6AB4F1CC-74DD-43E9-AD95-C2F682CF143C}.Debug|Any CPU.ActiveCfg = Debug|Any CPU
		{6AB4F1CC-74DD-43E9-AD95-C2F682CF143C}.Debug|Any CPU.Build.0 = Debug|Any CPU
		{6AB4F1CC-74DD-43E9-AD95-C2F682CF143C}.Release|Any CPU.ActiveCfg = Release|Any CPU
		{6AB4F1CC-74DD-43E9-AD95-C2F682CF143C}.Release|Any CPU.Build.0 = Release|Any CPU
		{447D164E-B76B-47D7-91AF-B861057E66D5}.Debug|Any CPU.ActiveCfg = Debug|Any CPU
		{447D164E-B76B-47D7-91AF-B861057E66D5}.Debug|Any CPU.Build.0 = Debug|Any CPU
		{447D164E-B76B-47D7-91AF-B861057E66D5}.Release|Any CPU.ActiveCfg = Release|Any CPU
		{447D164E-B76B-47D7-91AF-B861057E66D5}.Release|Any CPU.Build.0 = Release|Any CPU
		{348975C0-85FF-46D3-86D2-D3A87F6C04C3}.Debug|Any CPU.ActiveCfg = Debug|Any CPU
		{348975C0-85FF-46D3-86D2-D3A87F6C04C3}.Debug|Any CPU.Build.0 = Debug|Any CPU
		{348975C0-85FF-46D3-86D2-D3A87F6C04C3}.Release|Any CPU.ActiveCfg = Release|Any CPU
		{348975C0-85FF-46D3-86D2-D3A87F6C04C3}.Release|Any CPU.Build.0 = Release|Any CPU
	EndGlobalSection
	GlobalSection(SolutionProperties) = preSolution
		HideSolutionNode = FALSE
	EndGlobalSection
	GlobalSection(ExtensibilityGlobals) = postSolution
		SolutionGuid = {9037494B-62F3-4A60-8FF4-6F9572287239}
	EndGlobalSection
	GlobalSection(NestedProjects) = preSolution
		{C0DD723E-F97C-40B6-A97D-2835AB1CA005} = {839DC920-3942-41B2-AA73-A6F316448ADB}
		{C29394F7-F553-4ADB-A22C-EE82C061AEA7} = {839DC920-3942-41B2-AA73-A6F316448ADB}
		{C300B120-9D15-4E49-905D-D4570F8AB5AC} = {839DC920-3942-41B2-AA73-A6F316448ADB}
		{B9589C8C-9175-4530-AA69-0C240D78BC02} = {839DC920-3942-41B2-AA73-A6F316448ADB}
		{3B528A83-559F-4A6C-B019-2BD5E5000E11} = {C0DD723E-F97C-40B6-A97D-2835AB1CA005}
		{6AB4F1CC-74DD-43E9-AD95-C2F682CF143C} = {C0DD723E-F97C-40B6-A97D-2835AB1CA005}
		{447D164E-B76B-47D7-91AF-B861057E66D5} = {C29394F7-F553-4ADB-A22C-EE82C061AEA7}
		{348975C0-85FF-46D3-86D2-D3A87F6C04C3} = {C300B120-9D15-4E49-905D-D4570F8AB5AC}
	EndGlobalSection
EndGlobal
